// !$*UTF8*$!
{
	archiveVersion = 1;
	classes = {
	};
	objectVersion = 56;
	objects = {

/* Begin PBXBuildFile section */
		114112002C8357AC00257C4E /* AppDelegate.swift in Sources */ = {isa = PBXBuildFile; fileRef = 114111FF2C8357AC00257C4E /* AppDelegate.swift */; };
		114112022C8357AC00257C4E /* SceneDelegate.swift in Sources */ = {isa = PBXBuildFile; fileRef = 114112012C8357AC00257C4E /* SceneDelegate.swift */; };
		114112042C8357AC00257C4E /* ViewController.swift in Sources */ = {isa = PBXBuildFile; fileRef = 114112032C8357AC00257C4E /* ViewController.swift */; };
		114112092C8357AE00257C4E /* Assets.xcassets in Resources */ = {isa = PBXBuildFile; fileRef = 114112082C8357AE00257C4E /* Assets.xcassets */; };
		1141120C2C8357AE00257C4E /* Base in Resources */ = {isa = PBXBuildFile; fileRef = 1141120B2C8357AE00257C4E /* Base */; };
		114112162C8739E300257C4E /* TaskInteractor.swift in Sources */ = {isa = PBXBuildFile; fileRef = 114112152C8739E300257C4E /* TaskInteractor.swift */; };
		114112192C873A0400257C4E /* TaskPresenter.swift in Sources */ = {isa = PBXBuildFile; fileRef = 114112182C873A0400257C4E /* TaskPresenter.swift */; };
		1141121C2C873A4B00257C4E /* TaskEntity.swift in Sources */ = {isa = PBXBuildFile; fileRef = 1141121B2C873A4B00257C4E /* TaskEntity.swift */; };
		1141121F2C873A9700257C4E /* Router.swift in Sources */ = {isa = PBXBuildFile; fileRef = 1141121E2C873A9700257C4E /* Router.swift */; };
		114112232C873AD700257C4E /* CoreDataManager.swift in Sources */ = {isa = PBXBuildFile; fileRef = 114112222C873AD700257C4E /* CoreDataManager.swift */; };
		114112252C873AF900257C4E /* NetworkManager.swift in Sources */ = {isa = PBXBuildFile; fileRef = 114112242C873AF900257C4E /* NetworkManager.swift */; };
		1141122B2C88693000257C4E /* CoreDataModel.xcdatamodeld in Sources */ = {isa = PBXBuildFile; fileRef = 114112292C88692F00257C4E /* CoreDataModel.xcdatamodeld */; };
		1141122F2C88722F00257C4E /* ToDoTableViewCell.swift in Sources */ = {isa = PBXBuildFile; fileRef = 1141122E2C88722F00257C4E /* ToDoTableViewCell.swift */; };
		114112312C88743B00257C4E /* ViewControllerDataSource.swift in Sources */ = {isa = PBXBuildFile; fileRef = 114112302C88743B00257C4E /* ViewControllerDataSource.swift */; };
		114112332C88745000257C4E /* ViewControllerDelegate.swift in Sources */ = {isa = PBXBuildFile; fileRef = 114112322C88745000257C4E /* ViewControllerDelegate.swift */; };
		114112352C88B64800257C4E /* AddViewController.swift in Sources */ = {isa = PBXBuildFile; fileRef = 114112342C88B64800257C4E /* AddViewController.swift */; };
		114112372C88B66E00257C4E /* AddInteractor.swift in Sources */ = {isa = PBXBuildFile; fileRef = 114112362C88B66E00257C4E /* AddInteractor.swift */; };
		116698962C931BEC0063BB7A /* Protocols.swift in Sources */ = {isa = PBXBuildFile; fileRef = 116698952C931BEC0063BB7A /* Protocols.swift */; };
		116698982C946FB40063BB7A /* Mapper.swift in Sources */ = {isa = PBXBuildFile; fileRef = 116698972C946FB40063BB7A /* Mapper.swift */; };
		11F0B89A2C998F1D005FDB85 /* AddRouter.swift in Sources */ = {isa = PBXBuildFile; fileRef = 11F0B8992C998F1D005FDB85 /* AddRouter.swift */; };
		11F0B89C2C9990B5005FDB85 /* AddPresenter.swift in Sources */ = {isa = PBXBuildFile; fileRef = 11F0B89B2C9990B5005FDB85 /* AddPresenter.swift */; };
		11F0B89E2C9991EF005FDB85 /* Protocols.swift in Sources */ = {isa = PBXBuildFile; fileRef = 11F0B89D2C9991EF005FDB85 /* Protocols.swift */; };
/* End PBXBuildFile section */

/* Begin PBXFileReference section */
		114111FC2C8357AC00257C4E /* Effective Mobile App.app */ = {isa = PBXFileReference; explicitFileType = wrapper.application; includeInIndex = 0; path = "Effective Mobile App.app"; sourceTree = BUILT_PRODUCTS_DIR; };
		114111FF2C8357AC00257C4E /* AppDelegate.swift */ = {isa = PBXFileReference; lastKnownFileType = sourcecode.swift; path = AppDelegate.swift; sourceTree = "<group>"; };
		114112012C8357AC00257C4E /* SceneDelegate.swift */ = {isa = PBXFileReference; lastKnownFileType = sourcecode.swift; path = SceneDelegate.swift; sourceTree = "<group>"; };
		114112032C8357AC00257C4E /* ViewController.swift */ = {isa = PBXFileReference; lastKnownFileType = sourcecode.swift; path = ViewController.swift; sourceTree = "<group>"; };
		114112082C8357AE00257C4E /* Assets.xcassets */ = {isa = PBXFileReference; lastKnownFileType = folder.assetcatalog; path = Assets.xcassets; sourceTree = "<group>"; };
		1141120B2C8357AE00257C4E /* Base */ = {isa = PBXFileReference; lastKnownFileType = file.storyboard; name = Base; path = Base.lproj/LaunchScreen.storyboard; sourceTree = "<group>"; };
		1141120D2C8357AE00257C4E /* Info.plist */ = {isa = PBXFileReference; lastKnownFileType = text.plist.xml; path = Info.plist; sourceTree = "<group>"; };
		114112152C8739E300257C4E /* TaskInteractor.swift */ = {isa = PBXFileReference; lastKnownFileType = sourcecode.swift; path = TaskInteractor.swift; sourceTree = "<group>"; };
		114112182C873A0400257C4E /* TaskPresenter.swift */ = {isa = PBXFileReference; lastKnownFileType = sourcecode.swift; path = TaskPresenter.swift; sourceTree = "<group>"; };
		1141121B2C873A4B00257C4E /* TaskEntity.swift */ = {isa = PBXFileReference; lastKnownFileType = sourcecode.swift; path = TaskEntity.swift; sourceTree = "<group>"; };
		1141121E2C873A9700257C4E /* Router.swift */ = {isa = PBXFileReference; lastKnownFileType = sourcecode.swift; path = Router.swift; sourceTree = "<group>"; };
		114112222C873AD700257C4E /* CoreDataManager.swift */ = {isa = PBXFileReference; lastKnownFileType = sourcecode.swift; path = CoreDataManager.swift; sourceTree = "<group>"; };
		114112242C873AF900257C4E /* NetworkManager.swift */ = {isa = PBXFileReference; lastKnownFileType = sourcecode.swift; path = NetworkManager.swift; sourceTree = "<group>"; };
		1141122A2C88692F00257C4E /* CoreDataModel.xcdatamodel */ = {isa = PBXFileReference; lastKnownFileType = wrapper.xcdatamodel; path = CoreDataModel.xcdatamodel; sourceTree = "<group>"; };
		1141122E2C88722F00257C4E /* ToDoTableViewCell.swift */ = {isa = PBXFileReference; lastKnownFileType = sourcecode.swift; path = ToDoTableViewCell.swift; sourceTree = "<group>"; };
		114112302C88743B00257C4E /* ViewControllerDataSource.swift */ = {isa = PBXFileReference; lastKnownFileType = sourcecode.swift; path = ViewControllerDataSource.swift; sourceTree = "<group>"; };
		114112322C88745000257C4E /* ViewControllerDelegate.swift */ = {isa = PBXFileReference; lastKnownFileType = sourcecode.swift; path = ViewControllerDelegate.swift; sourceTree = "<group>"; };
		114112342C88B64800257C4E /* AddViewController.swift */ = {isa = PBXFileReference; lastKnownFileType = sourcecode.swift; path = AddViewController.swift; sourceTree = "<group>"; };
		114112362C88B66E00257C4E /* AddInteractor.swift */ = {isa = PBXFileReference; lastKnownFileType = sourcecode.swift; path = AddInteractor.swift; sourceTree = "<group>"; };
		116698952C931BEC0063BB7A /* Protocols.swift */ = {isa = PBXFileReference; lastKnownFileType = sourcecode.swift; path = Protocols.swift; sourceTree = "<group>"; };
		116698972C946FB40063BB7A /* Mapper.swift */ = {isa = PBXFileReference; lastKnownFileType = sourcecode.swift; path = Mapper.swift; sourceTree = "<group>"; };
		11F0B8992C998F1D005FDB85 /* AddRouter.swift */ = {isa = PBXFileReference; lastKnownFileType = sourcecode.swift; path = AddRouter.swift; sourceTree = "<group>"; };
		11F0B89B2C9990B5005FDB85 /* AddPresenter.swift */ = {isa = PBXFileReference; lastKnownFileType = sourcecode.swift; path = AddPresenter.swift; sourceTree = "<group>"; };
		11F0B89D2C9991EF005FDB85 /* Protocols.swift */ = {isa = PBXFileReference; lastKnownFileType = sourcecode.swift; path = Protocols.swift; sourceTree = "<group>"; };
/* End PBXFileReference section */

/* Begin PBXFrameworksBuildPhase section */
		114111F92C8357AC00257C4E /* Frameworks */ = {
			isa = PBXFrameworksBuildPhase;
			buildActionMask = 2147483647;
			files = (
			);
			runOnlyForDeploymentPostprocessing = 0;
		};
/* End PBXFrameworksBuildPhase section */

/* Begin PBXGroup section */
		114111F32C8357AC00257C4E = {
			isa = PBXGroup;
			children = (
				114111FE2C8357AC00257C4E /* Effective Mobile App */,
				114111FD2C8357AC00257C4E /* Products */,
			);
			sourceTree = "<group>";
		};
		114111FD2C8357AC00257C4E /* Products */ = {
			isa = PBXGroup;
			children = (
				114111FC2C8357AC00257C4E /* Effective Mobile App.app */,
			);
			name = Products;
			sourceTree = "<group>";
		};
		114111FE2C8357AC00257C4E /* Effective Mobile App */ = {
			isa = PBXGroup;
			children = (
				11F0B8932C9984A9005FDB85 /* MainModule */,
				11F0B8922C99849A005FDB85 /* DetailModule */,
				114112262C873B0800257C4E /* Services */,
				114112132C8738E800257C4E /* Application */,
				114112142C87390A00257C4E /* Supporting Files */,
			);
			path = "Effective Mobile App";
			sourceTree = "<group>";
		};
		114112132C8738E800257C4E /* Application */ = {
			isa = PBXGroup;
			children = (
				114111FF2C8357AC00257C4E /* AppDelegate.swift */,
				114112012C8357AC00257C4E /* SceneDelegate.swift */,
			);
			path = Application;
			sourceTree = "<group>";
		};
		114112142C87390A00257C4E /* Supporting Files */ = {
			isa = PBXGroup;
			children = (
				114112082C8357AE00257C4E /* Assets.xcassets */,
				1141120A2C8357AE00257C4E /* LaunchScreen.storyboard */,
				1141120D2C8357AE00257C4E /* Info.plist */,
			);
			path = "Supporting Files";
			sourceTree = "<group>";
		};
		114112172C8739F000257C4E /* Interactor */ = {
			isa = PBXGroup;
			children = (
				114112152C8739E300257C4E /* TaskInteractor.swift */,
				116698972C946FB40063BB7A /* Mapper.swift */,
			);
			path = Interactor;
			sourceTree = "<group>";
		};
		1141121A2C873A1100257C4E /* Presenter */ = {
			isa = PBXGroup;
			children = (
				114112182C873A0400257C4E /* TaskPresenter.swift */,
			);
			path = Presenter;
			sourceTree = "<group>";
		};
		1141121D2C873A5100257C4E /* Entity */ = {
			isa = PBXGroup;
			children = (
				1141121B2C873A4B00257C4E /* TaskEntity.swift */,
			);
			path = Entity;
			sourceTree = "<group>";
		};
		114112202C873AA300257C4E /* Router */ = {
			isa = PBXGroup;
			children = (
				1141121E2C873A9700257C4E /* Router.swift */,
			);
			path = Router;
			sourceTree = "<group>";
		};
		114112212C873AB300257C4E /* View */ = {
			isa = PBXGroup;
			children = (
				114112032C8357AC00257C4E /* ViewController.swift */,
				114112302C88743B00257C4E /* ViewControllerDataSource.swift */,
				114112322C88745000257C4E /* ViewControllerDelegate.swift */,
				1141122E2C88722F00257C4E /* ToDoTableViewCell.swift */,
			);
			path = View;
			sourceTree = "<group>";
		};
		114112262C873B0800257C4E /* Services */ = {
			isa = PBXGroup;
			children = (
				114112242C873AF900257C4E /* NetworkManager.swift */,
				114112222C873AD700257C4E /* CoreDataManager.swift */,
				114112292C88692F00257C4E /* CoreDataModel.xcdatamodeld */,
			);
			path = Services;
			sourceTree = "<group>";
		};
		11F0B8922C99849A005FDB85 /* DetailModule */ = {
			isa = PBXGroup;
			children = (
				11F0B89D2C9991EF005FDB85 /* Protocols.swift */,
				11F0B8942C9984ED005FDB85 /* View */,
				11F0B8952C9984F3005FDB85 /* Interactor */,
				11F0B8982C99851D005FDB85 /* Presenter */,
				11F0B8962C99850B005FDB85 /* Router */,
			);
			path = DetailModule;
			sourceTree = "<group>";
		};
		11F0B8932C9984A9005FDB85 /* MainModule */ = {
			isa = PBXGroup;
			children = (
				116698952C931BEC0063BB7A /* Protocols.swift */,
				114112212C873AB300257C4E /* View */,
				114112172C8739F000257C4E /* Interactor */,
				1141121A2C873A1100257C4E /* Presenter */,
				1141121D2C873A5100257C4E /* Entity */,
				114112202C873AA300257C4E /* Router */,
			);
			path = MainModule;
			sourceTree = "<group>";
		};
		11F0B8942C9984ED005FDB85 /* View */ = {
			isa = PBXGroup;
			children = (
				114112342C88B64800257C4E /* AddViewController.swift */,
			);
			path = View;
			sourceTree = "<group>";
		};
		11F0B8952C9984F3005FDB85 /* Interactor */ = {
			isa = PBXGroup;
			children = (
				114112362C88B66E00257C4E /* AddInteractor.swift */,
			);
			path = Interactor;
			sourceTree = "<group>";
		};
		11F0B8962C99850B005FDB85 /* Router */ = {
			isa = PBXGroup;
			children = (
				11F0B8992C998F1D005FDB85 /* AddRouter.swift */,
			);
			path = Router;
			sourceTree = "<group>";
		};
		11F0B8982C99851D005FDB85 /* Presenter */ = {
			isa = PBXGroup;
			children = (
				11F0B89B2C9990B5005FDB85 /* AddPresenter.swift */,
			);
			path = Presenter;
			sourceTree = "<group>";
		};
/* End PBXGroup section */

/* Begin PBXNativeTarget section */
		114111FB2C8357AC00257C4E /* Effective Mobile App */ = {
			isa = PBXNativeTarget;
			buildConfigurationList = 114112102C8357AE00257C4E /* Build configuration list for PBXNativeTarget "Effective Mobile App" */;
			buildPhases = (
				114111F82C8357AC00257C4E /* Sources */,
				114111F92C8357AC00257C4E /* Frameworks */,
				114111FA2C8357AC00257C4E /* Resources */,
			);
			buildRules = (
			);
			dependencies = (
			);
			name = "Effective Mobile App";
			productName = "Effective Mobile App";
			productReference = 114111FC2C8357AC00257C4E /* Effective Mobile App.app */;
			productType = "com.apple.product-type.application";
		};
/* End PBXNativeTarget section */

/* Begin PBXProject section */
		114111F42C8357AC00257C4E /* Project object */ = {
			isa = PBXProject;
			attributes = {
				BuildIndependentTargetsInParallel = 1;
				LastSwiftUpdateCheck = 1540;
				LastUpgradeCheck = 1540;
				TargetAttributes = {
					114111FB2C8357AC00257C4E = {
						CreatedOnToolsVersion = 15.4;
					};
				};
			};
			buildConfigurationList = 114111F72C8357AC00257C4E /* Build configuration list for PBXProject "Effective Mobile App" */;
			compatibilityVersion = "Xcode 14.0";
			developmentRegion = en;
			hasScannedForEncodings = 0;
			knownRegions = (
				en,
				Base,
			);
			mainGroup = 114111F32C8357AC00257C4E;
			productRefGroup = 114111FD2C8357AC00257C4E /* Products */;
			projectDirPath = "";
			projectRoot = "";
			targets = (
				114111FB2C8357AC00257C4E /* Effective Mobile App */,
			);
		};
/* End PBXProject section */

/* Begin PBXResourcesBuildPhase section */
		114111FA2C8357AC00257C4E /* Resources */ = {
			isa = PBXResourcesBuildPhase;
			buildActionMask = 2147483647;
			files = (
				114112092C8357AE00257C4E /* Assets.xcassets in Resources */,
				1141120C2C8357AE00257C4E /* Base in Resources */,
			);
			runOnlyForDeploymentPostprocessing = 0;
		};
/* End PBXResourcesBuildPhase section */

/* Begin PBXSourcesBuildPhase section */
		114111F82C8357AC00257C4E /* Sources */ = {
			isa = PBXSourcesBuildPhase;
			buildActionMask = 2147483647;
			files = (
				114112252C873AF900257C4E /* NetworkManager.swift in Sources */,
				114112312C88743B00257C4E /* ViewControllerDataSource.swift in Sources */,
				11F0B89C2C9990B5005FDB85 /* AddPresenter.swift in Sources */,
				116698962C931BEC0063BB7A /* Protocols.swift in Sources */,
				114112042C8357AC00257C4E /* ViewController.swift in Sources */,
				1141122B2C88693000257C4E /* CoreDataModel.xcdatamodeld in Sources */,
				114112332C88745000257C4E /* ViewControllerDelegate.swift in Sources */,
				11F0B89A2C998F1D005FDB85 /* AddRouter.swift in Sources */,
				1141122F2C88722F00257C4E /* ToDoTableViewCell.swift in Sources */,
				114112162C8739E300257C4E /* TaskInteractor.swift in Sources */,
				114112002C8357AC00257C4E /* AppDelegate.swift in Sources */,
				1141121F2C873A9700257C4E /* Router.swift in Sources */,
				114112372C88B66E00257C4E /* AddInteractor.swift in Sources */,
				1141121C2C873A4B00257C4E /* TaskEntity.swift in Sources */,
				114112192C873A0400257C4E /* TaskPresenter.swift in Sources */,
				11F0B89E2C9991EF005FDB85 /* Protocols.swift in Sources */,
				114112232C873AD700257C4E /* CoreDataManager.swift in Sources */,
				114112352C88B64800257C4E /* AddViewController.swift in Sources */,
				114112022C8357AC00257C4E /* SceneDelegate.swift in Sources */,
				116698982C946FB40063BB7A /* Mapper.swift in Sources */,
			);
			runOnlyForDeploymentPostprocessing = 0;
		};
/* End PBXSourcesBuildPhase section */

/* Begin PBXVariantGroup section */
		1141120A2C8357AE00257C4E /* LaunchScreen.storyboard */ = {
			isa = PBXVariantGroup;
			children = (
				1141120B2C8357AE00257C4E /* Base */,
			);
			name = LaunchScreen.storyboard;
			sourceTree = "<group>";
		};
/* End PBXVariantGroup section */

/* Begin XCBuildConfiguration section */
		1141120E2C8357AE00257C4E /* Debug */ = {
			isa = XCBuildConfiguration;
			buildSettings = {
				ALWAYS_SEARCH_USER_PATHS = NO;
				ASSETCATALOG_COMPILER_GENERATE_SWIFT_ASSET_SYMBOL_EXTENSIONS = YES;
				CLANG_ANALYZER_NONNULL = YES;
				CLANG_ANALYZER_NUMBER_OBJECT_CONVERSION = YES_AGGRESSIVE;
				CLANG_CXX_LANGUAGE_STANDARD = "gnu++20";
				CLANG_ENABLE_MODULES = YES;
				CLANG_ENABLE_OBJC_ARC = YES;
				CLANG_ENABLE_OBJC_WEAK = YES;
				CLANG_WARN_BLOCK_CAPTURE_AUTORELEASING = YES;
				CLANG_WARN_BOOL_CONVERSION = YES;
				CLANG_WARN_COMMA = YES;
				CLANG_WARN_CONSTANT_CONVERSION = YES;
				CLANG_WARN_DEPRECATED_OBJC_IMPLEMENTATIONS = YES;
				CLANG_WARN_DIRECT_OBJC_ISA_USAGE = YES_ERROR;
				CLANG_WARN_DOCUMENTATION_COMMENTS = YES;
				CLANG_WARN_EMPTY_BODY = YES;
				CLANG_WARN_ENUM_CONVERSION = YES;
				CLANG_WARN_INFINITE_RECURSION = YES;
				CLANG_WARN_INT_CONVERSION = YES;
				CLANG_WARN_NON_LITERAL_NULL_CONVERSION = YES;
				CLANG_WARN_OBJC_IMPLICIT_RETAIN_SELF = YES;
				CLANG_WARN_OBJC_LITERAL_CONVERSION = YES;
				CLANG_WARN_OBJC_ROOT_CLASS = YES_ERROR;
				CLANG_WARN_QUOTED_INCLUDE_IN_FRAMEWORK_HEADER = YES;
				CLANG_WARN_RANGE_LOOP_ANALYSIS = YES;
				CLANG_WARN_STRICT_PROTOTYPES = YES;
				CLANG_WARN_SUSPICIOUS_MOVE = YES;
				CLANG_WARN_UNGUARDED_AVAILABILITY = YES_AGGRESSIVE;
				CLANG_WARN_UNREACHABLE_CODE = YES;
				CLANG_WARN__DUPLICATE_METHOD_MATCH = YES;
				COPY_PHASE_STRIP = NO;
				DEBUG_INFORMATION_FORMAT = dwarf;
				ENABLE_STRICT_OBJC_MSGSEND = YES;
				ENABLE_TESTABILITY = YES;
				ENABLE_USER_SCRIPT_SANDBOXING = YES;
				GCC_C_LANGUAGE_STANDARD = gnu17;
				GCC_DYNAMIC_NO_PIC = NO;
				GCC_NO_COMMON_BLOCKS = YES;
				GCC_OPTIMIZATION_LEVEL = 0;
				GCC_PREPROCESSOR_DEFINITIONS = (
					"DEBUG=1",
					"$(inherited)",
				);
				GCC_WARN_64_TO_32_BIT_CONVERSION = YES;
				GCC_WARN_ABOUT_RETURN_TYPE = YES_ERROR;
				GCC_WARN_UNDECLARED_SELECTOR = YES;
				GCC_WARN_UNINITIALIZED_AUTOS = YES_AGGRESSIVE;
				GCC_WARN_UNUSED_FUNCTION = YES;
				GCC_WARN_UNUSED_VARIABLE = YES;
				IPHONEOS_DEPLOYMENT_TARGET = 17.5;
				LOCALIZATION_PREFERS_STRING_CATALOGS = YES;
				MTL_ENABLE_DEBUG_INFO = INCLUDE_SOURCE;
				MTL_FAST_MATH = YES;
				ONLY_ACTIVE_ARCH = YES;
				SDKROOT = iphoneos;
				SWIFT_ACTIVE_COMPILATION_CONDITIONS = "DEBUG $(inherited)";
				SWIFT_OPTIMIZATION_LEVEL = "-Onone";
			};
			name = Debug;
		};
		1141120F2C8357AE00257C4E /* Release */ = {
			isa = XCBuildConfiguration;
			buildSettings = {
				ALWAYS_SEARCH_USER_PATHS = NO;
				ASSETCATALOG_COMPILER_GENERATE_SWIFT_ASSET_SYMBOL_EXTENSIONS = YES;
				CLANG_ANALYZER_NONNULL = YES;
				CLANG_ANALYZER_NUMBER_OBJECT_CONVERSION = YES_AGGRESSIVE;
				CLANG_CXX_LANGUAGE_STANDARD = "gnu++20";
				CLANG_ENABLE_MODULES = YES;
				CLANG_ENABLE_OBJC_ARC = YES;
				CLANG_ENABLE_OBJC_WEAK = YES;
				CLANG_WARN_BLOCK_CAPTURE_AUTORELEASING = YES;
				CLANG_WARN_BOOL_CONVERSION = YES;
				CLANG_WARN_COMMA = YES;
				CLANG_WARN_CONSTANT_CONVERSION = YES;
				CLANG_WARN_DEPRECATED_OBJC_IMPLEMENTATIONS = YES;
				CLANG_WARN_DIRECT_OBJC_ISA_USAGE = YES_ERROR;
				CLANG_WARN_DOCUMENTATION_COMMENTS = YES;
				CLANG_WARN_EMPTY_BODY = YES;
				CLANG_WARN_ENUM_CONVERSION = YES;
				CLANG_WARN_INFINITE_RECURSION = YES;
				CLANG_WARN_INT_CONVERSION = YES;
				CLANG_WARN_NON_LITERAL_NULL_CONVERSION = YES;
				CLANG_WARN_OBJC_IMPLICIT_RETAIN_SELF = YES;
				CLANG_WARN_OBJC_LITERAL_CONVERSION = YES;
				CLANG_WARN_OBJC_ROOT_CLASS = YES_ERROR;
				CLANG_WARN_QUOTED_INCLUDE_IN_FRAMEWORK_HEADER = YES;
				CLANG_WARN_RANGE_LOOP_ANALYSIS = YES;
				CLANG_WARN_STRICT_PROTOTYPES = YES;
				CLANG_WARN_SUSPICIOUS_MOVE = YES;
				CLANG_WARN_UNGUARDED_AVAILABILITY = YES_AGGRESSIVE;
				CLANG_WARN_UNREACHABLE_CODE = YES;
				CLANG_WARN__DUPLICATE_METHOD_MATCH = YES;
				COPY_PHASE_STRIP = NO;
				DEBUG_INFORMATION_FORMAT = "dwarf-with-dsym";
				ENABLE_NS_ASSERTIONS = NO;
				ENABLE_STRICT_OBJC_MSGSEND = YES;
				ENABLE_USER_SCRIPT_SANDBOXING = YES;
				GCC_C_LANGUAGE_STANDARD = gnu17;
				GCC_NO_COMMON_BLOCKS = YES;
				GCC_WARN_64_TO_32_BIT_CONVERSION = YES;
				GCC_WARN_ABOUT_RETURN_TYPE = YES_ERROR;
				GCC_WARN_UNDECLARED_SELECTOR = YES;
				GCC_WARN_UNINITIALIZED_AUTOS = YES_AGGRESSIVE;
				GCC_WARN_UNUSED_FUNCTION = YES;
				GCC_WARN_UNUSED_VARIABLE = YES;
				IPHONEOS_DEPLOYMENT_TARGET = 17.5;
				LOCALIZATION_PREFERS_STRING_CATALOGS = YES;
				MTL_ENABLE_DEBUG_INFO = NO;
				MTL_FAST_MATH = YES;
				SDKROOT = iphoneos;
				SWIFT_COMPILATION_MODE = wholemodule;
				VALIDATE_PRODUCT = YES;
			};
			name = Release;
		};
		114112112C8357AE00257C4E /* Debug */ = {
			isa = XCBuildConfiguration;
			buildSettings = {
				ASSETCATALOG_COMPILER_APPICON_NAME = AppIcon;
				ASSETCATALOG_COMPILER_GLOBAL_ACCENT_COLOR_NAME = AccentColor;
				CODE_SIGN_STYLE = Automatic;
				CURRENT_PROJECT_VERSION = 1;
				DEVELOPMENT_TEAM = 45KC6823ML;
				GENERATE_INFOPLIST_FILE = YES;
				INFOPLIST_FILE = "Effective Mobile App/Supporting Files/Info.plist";
				INFOPLIST_KEY_UIApplicationSupportsIndirectInputEvents = YES;
				INFOPLIST_KEY_UILaunchStoryboardName = LaunchScreen;
				INFOPLIST_KEY_UISupportedInterfaceOrientations_iPad = "UIInterfaceOrientationPortrait UIInterfaceOrientationPortraitUpsideDown UIInterfaceOrientationLandscapeLeft UIInterfaceOrientationLandscapeRight";
				INFOPLIST_KEY_UISupportedInterfaceOrientations_iPhone = "UIInterfaceOrientationPortrait UIInterfaceOrientationLandscapeLeft UIInterfaceOrientationLandscapeRight";
				LD_RUNPATH_SEARCH_PATHS = (
					"$(inherited)",
					"@executable_path/Frameworks",
				);
				MARKETING_VERSION = 1.0;
				PRODUCT_BUNDLE_IDENTIFIER = "com.kaska.Effective-Mobile-App";
				PRODUCT_NAME = "$(TARGET_NAME)";
				SWIFT_EMIT_LOC_STRINGS = YES;
				SWIFT_VERSION = 5.0;
				TARGETED_DEVICE_FAMILY = "1,2";
			};
			name = Debug;
		};
		114112122C8357AE00257C4E /* Release */ = {
			isa = XCBuildConfiguration;
			buildSettings = {
				ASSETCATALOG_COMPILER_APPICON_NAME = AppIcon;
				ASSETCATALOG_COMPILER_GLOBAL_ACCENT_COLOR_NAME = AccentColor;
				CODE_SIGN_STYLE = Automatic;
				CURRENT_PROJECT_VERSION = 1;
				DEVELOPMENT_TEAM = 45KC6823ML;
				GENERATE_INFOPLIST_FILE = YES;
				INFOPLIST_FILE = "Effective Mobile App/Supporting Files/Info.plist";
				INFOPLIST_KEY_UIApplicationSupportsIndirectInputEvents = YES;
				INFOPLIST_KEY_UILaunchStoryboardName = LaunchScreen;
				INFOPLIST_KEY_UISupportedInterfaceOrientations_iPad = "UIInterfaceOrientationPortrait UIInterfaceOrientationPortraitUpsideDown UIInterfaceOrientationLandscapeLeft UIInterfaceOrientationLandscapeRight";
				INFOPLIST_KEY_UISupportedInterfaceOrientations_iPhone = "UIInterfaceOrientationPortrait UIInterfaceOrientationLandscapeLeft UIInterfaceOrientationLandscapeRight";
				LD_RUNPATH_SEARCH_PATHS = (
					"$(inherited)",
					"@executable_path/Frameworks",
				);
				MARKETING_VERSION = 1.0;
				PRODUCT_BUNDLE_IDENTIFIER = "com.kaska.Effective-Mobile-App";
				PRODUCT_NAME = "$(TARGET_NAME)";
				SWIFT_EMIT_LOC_STRINGS = YES;
				SWIFT_VERSION = 5.0;
				TARGETED_DEVICE_FAMILY = "1,2";
			};
			name = Release;
		};
/* End XCBuildConfiguration section */

/* Begin XCConfigurationList section */
		114111F72C8357AC00257C4E /* Build configuration list for PBXProject "Effective Mobile App" */ = {
			isa = XCConfigurationList;
			buildConfigurations = (
				1141120E2C8357AE00257C4E /* Debug */,
				1141120F2C8357AE00257C4E /* Release */,
			);
			defaultConfigurationIsVisible = 0;
			defaultConfigurationName = Release;
		};
		114112102C8357AE00257C4E /* Build configuration list for PBXNativeTarget "Effective Mobile App" */ = {
			isa = XCConfigurationList;
			buildConfigurations = (
				114112112C8357AE00257C4E /* Debug */,
				114112122C8357AE00257C4E /* Release */,
			);
			defaultConfigurationIsVisible = 0;
			defaultConfigurationName = Release;
		};
/* End XCConfigurationList section */

/* Begin XCVersionGroup section */
		114112292C88692F00257C4E /* CoreDataModel.xcdatamodeld */ = {
			isa = XCVersionGroup;
			children = (
				1141122A2C88692F00257C4E /* CoreDataModel.xcdatamodel */,
			);
			currentVersion = 1141122A2C88692F00257C4E /* CoreDataModel.xcdatamodel */;
			name = CoreDataModel.xcdatamodeld;
			path = "/Users/nikita/Desktop/Effective Mobile App/Effective Mobile App/Services/CoreDataModel.xcdatamodeld";
			sourceTree = "<group>";
			versionGroupType = wrapper.xcdatamodel;
		};
/* End XCVersionGroup section */
	};
	rootObject = 114111F42C8357AC00257C4E /* Project object */;
}
